
Microsoft Visual Studio Solution File, Format Version 12.00
# Visual Studio Version 16
VisualStudioVersion = 16.0.29306.81
MinimumVisualStudioVersion = 10.0.40219.1
Project("{FAE04EC0-301F-11D3-BF4B-00C04F79EFBC}") = "SwitchCase", "SwitchCase\SwitchCase.csproj", "{2D577033-72D5-4C72-9A1E-672549BE95E1}"
EndProject
Global
	GlobalSection(SolutionConfigurationPlatforms) = preSolution
		Debug|Any CPU = Debug|Any CPU
		Release|Any CPU = Release|Any CPU
	EndGlobalSection
	GlobalSection(ProjectConfigurationPlatforms) = postSolution
		{2D577033-72D5-4C72-9A1E-672549BE95E1}.Debug|Any CPU.ActiveCfg = Debug|Any CPU
		{2D577033-72D5-4C72-9A1E-672549BE95E1}.Debug|Any CPU.Build.0 = Debug|Any CPU
		{2D577033-72D5-4C72-9A1E-672549BE95E1}.Release|Any CPU.ActiveCfg = Release|Any CPU
		{2D577033-72D5-4C72-9A1E-672549BE95E1}.Release|Any CPU.Build.0 = Release|Any CPU
	EndGlobalSection
	GlobalSection(SolutionProperties) = preSolution
		HideSolutionNode = FALSE
	EndGlobalSection
	GlobalSection(ExtensibilityGlobals) = postSolution
		SolutionGuid = {5B332369-EC07-4E51-9306-0B345FEDD699}
	EndGlobalSection
EndGlobal
